Microsoft Visual Studio Solution File, Format Version 12.00
# Visual Studio Version 17
VisualStudioVersion = 17.5.2.0
MinimumVisualStudioVersion = 10.0.40219.1
Project("{FAE04EC0-301F-11D3-BF4B-00C04F79EFBC}") = "SocialCook", "SocialCook\SocialCook.csproj", "{D6B765D1-C52A-8E36-30BB-4655EB1242FD}"
EndProject
Global
	GlobalSection(SolutionConfigurationPlatforms) = preSolution
		Debug|Any CPU = Debug|Any CPU
		Release|Any CPU = Release|Any CPU
	EndGlobalSection
	GlobalSection(ProjectConfigurationPlatforms) = postSolution
		{D6B765D1-C52A-8E36-30BB-4655EB1242FD}.Debug|Any CPU.ActiveCfg = Debug|Any CPU
		{D6B765D1-C52A-8E36-30BB-4655EB1242FD}.Debug|Any CPU.Build.0 = Debug|Any CPU
		{D6B765D1-C52A-8E36-30BB-4655EB1242FD}.Release|Any CPU.ActiveCfg = Release|Any CPU
		{D6B765D1-C52A-8E36-30BB-4655EB1242FD}.Release|Any CPU.Build.0 = Release|Any CPU
	EndGlobalSection
	GlobalSection(SolutionProperties) = preSolution
		HideSolutionNode = FALSE
	EndGlobalSection
	GlobalSection(ExtensibilityGlobals) = postSolution
		SolutionGuid = {03D8D587-1DAB-4EEC-9CFA-D1CF45D967D2}
	EndGlobalSection
EndGlobal
